
Microsoft Visual Studio Solution File, Format Version 12.00
# Visual Studio 2012
Project("{8BC9CEB8-8B4A-11D0-8D11-00A0C91BC942}") = "dev", "dev\dev.vcxproj", "{7F609C86-E860-471E-9574-AEE60BBD720F}"
EndProject
Global
	GlobalSection(SolutionConfigurationPlatforms) = preSolution
		Debug|Win32 = Debug|Win32
		Release|Win32 = Release|Win32
	EndGlobalSection
	GlobalSection(ProjectConfigurationPlatforms) = postSolution
		{7F609C86-E860-471E-9574-AEE60BBD720F}.Debug|Win32.ActiveCfg = Debug|Win32
		{7F609C86-E860-471E-9574-AEE60BBD720F}.Debug|Win32.Build.0 = Debug|Win32
		{7F609C86-E860-471E-9574-AEE60BBD720F}.Release|Win32.ActiveCfg = Release|Win32
		{7F609C86-E860-471E-9574-AEE60BBD720F}.Release|Win32.Build.0 = Release|Win32
	EndGlobalSection
	GlobalSection(SolutionProperties) = preSolution
		HideSolutionNode = FALSE
	EndGlobalSection
EndGlobal
